{
  "name": "agentshield-openai-agents-fixture",
  "version": "0.1.0",
  "lockfileVersion": 3,
  "requires": true,
  "packages": {
    "": {
      "name": "agentshield-openai-agents-fixture",
      "version": "0.1.0",
      "dependencies": {
        "@modelcontextprotocol/sdk": "1.12.0",
        "@openai/agents": "0.1.0",
        "zod": "4.0.0"
      }
    }
  }
}
